lockfileVersion: 5.4

specifiers:
  '@actions/core': ^1.8.2
  '@actions/exec': ^1.1.1
  '@vercel/ncc': ^0.34.0
  glob: ^8.0.3
  semver: ^7.3.7
  xcparse: ^0.0.3

dependencies:
  '@actions/core': 1.8.2
  '@actions/exec': 1.1.1
  glob: 8.0.3
  semver: 7.3.7
  xcparse: 0.0.3

devDependencies:
  '@vercel/ncc': 0.34.0

packages:

  /@actions/core/1.8.2:
    resolution: {integrity: sha512-FXcBL7nyik8K5ODeCKlxi+vts7torOkoDAKfeh61EAkAy1HAvwn9uVzZBY0f15YcQTcZZ2/iSGBFHEuioZWfDA==}
    dependencies:
      '@actions/http-client': 2.0.1
    dev: false

  /@actions/exec/1.1.1:
    resolution: {integrity: sha512-+sCcHHbVdk93a0XT19ECtO/gIXoxvdsgQLzb2fE2/5sIZmWQuluYyjPQtrtTHdU1YzTZ7bAPN4sITq2xi1679w==}
    dependencies:
      '@actions/io': 1.1.2
    dev: false

  /@actions/http-client/2.0.1:
    resolution: {integrity: sha512-PIXiMVtz6VvyaRsGY268qvj57hXQEpsYogYOu2nrQhlf+XCGmZstmuZBbAybUl1nQGnvS1k1eEsQ69ZoD7xlSw==}
    dependencies:
      tunnel: 0.0.6
    dev: false

  /@actions/io/1.1.2:
    resolution: {integrity: sha512-d+RwPlMp+2qmBfeLYPLXuSRykDIFEwdTA0MMxzS9kh4kvP1ftrc/9fzy6pX6qAjthdXruHQ6/6kjT/DNo5ALuw==}
    dev: false

  /@vercel/ncc/0.34.0:
    resolution: {integrity: sha512-G9h5ZLBJ/V57Ou9vz5hI8pda/YQX5HQszCs3AmIus3XzsmRn/0Ptic5otD3xVST8QLKk7AMk7AqpsyQGN7MZ9A==}
    hasBin: true
    dev: true

  /balanced-match/1.0.2:
    resolution: {integrity: sha512-3oSeUO0TMV67hN1AmbXsK4yaqU7tjiHlbxRDZOpH0KW9+CeX4bRAaX0Anxt0tx2MrpRpWwQaPwIlISEJhYU5Pw==}
    dev: false

  /brace-expansion/2.0.1:
    resolution: {integrity: sha512-XnAIvQ8eM+kC6aULx6wuQiwVsnzsi9d3WxzV3FpWTGA19F621kwdbsAcFKXgKUHZWsy+mY6iL1sHTxWEFCytDA==}
    dependencies:
      balanced-match: 1.0.2
    dev: false

  /fs.realpath/1.0.0:
    resolution: {integrity: sha512-OO0pH2lK6a0hZnAdau5ItzHPI6pUlvI7jMVnxUQRtw4owF2wk8lOSabtGDCTP4Ggrg2MbGnWO9X8K1t4+fGMDw==}
    dev: false

  /glob/8.0.3:
    resolution: {integrity: sha512-ull455NHSHI/Y1FqGaaYFaLGkNMMJbavMrEGFXG/PGrg6y7sutWHUHrz6gy6WEBH6akM1M414dWKCNs+IhKdiQ==}
    engines: {node: '>=12'}
    dependencies:
      fs.realpath: 1.0.0
      inflight: 1.0.6
      inherits: 2.0.4
      minimatch: 5.1.0
      once: 1.4.0
    dev: false

  /inflight/1.0.6:
    resolution: {integrity: sha512-k92I/b08q4wvFscXCLvqfsHCrjrF7yiXsQuIVvVE7N82W3+aqpzuUdBbfhWcy/FZR3/4IgflMgKLOsvPDrGCJA==}
    dependencies:
      once: 1.4.0
      wrappy: 1.0.2
    dev: false

  /inherits/2.0.4:
    resolution: {integrity: sha512-k/vGaX4/Yla3WzyMCvTQOXYeIHvqOKtnqBduzTHpzpQZzAskKMhZ2K+EnBiSM9zGSoIFeMpXKxa4dYeZIQqewQ==}
    dev: false

  /lru-cache/6.0.0:
    resolution: {integrity: sha512-Jo6dJ04CmSjuznwJSS3pUeWmd/H0ffTlkXXgwZi+eq1UCmqQwCh+eLsYOYCwY991i2Fah4h1BEMCx4qThGbsiA==}
    engines: {node: '>=10'}
    dependencies:
      yallist: 4.0.0
    dev: false

  /minimatch/5.1.0:
    resolution: {integrity: sha512-9TPBGGak4nHfGZsPBohm9AWg6NoT7QTCehS3BIJABslyZbzxfV78QM2Y6+i741OPZIafFAaiiEMh5OyIrJPgtg==}
    engines: {node: '>=10'}
    dependencies:
      brace-expansion: 2.0.1
    dev: false

  /once/1.4.0:
    resolution: {integrity: sha512-lNaJgI+2Q5URQBkccEKHTQOPaXdUxnZZElQTZY0MFUAuaEqe1E+Nyvgdz/aIyNi6Z9MzO5dv1H8n58/GELp3+w==}
    dependencies:
      wrappy: 1.0.2
    dev: false

  /semver/7.3.7:
    resolution: {integrity: sha512-QlYTucUYOews+WeEujDoEGziz4K6c47V/Bd+LjSSYcA94p+DmINdf7ncaUinThfvZyu13lN9OY1XDxt8C0Tw0g==}
    engines: {node: '>=10'}
    hasBin: true
    dependencies:
      lru-cache: 6.0.0
    dev: false

  /tunnel/0.0.6:
    resolution: {integrity: sha512-1h/Lnq9yajKY2PEbBadPXj3VxsDDu844OnaAo52UVmIzIvwwtBPIuNvkjuzBlTWpfJyUbG3ez0KSBibQkj4ojg==}
    engines: {node: '>=0.6.11 <=0.7.0 || >=0.7.3'}
    dev: false

  /wrappy/1.0.2:
    resolution: {integrity: sha512-l4Sp/DRseor9wL6EvV2+TuQn63dMkPjZ/sp9XkghTEbV9KlPS1xUsZ3u7/IQO4wxtcFB4bgpQPRcR3QCvezPcQ==}
    dev: false

  /xcparse/0.0.3:
    resolution: {integrity: sha512-/HgjZ1o81gudtNHt5a/EGEyMa991WZjZqu8ryPWJ1UtG4NRJyQ2AthR8MaqD6nN7UnCe7IcFShMm5oEA/S9nEQ==}
    dev: false

  /yallist/4.0.0:
    resolution: {integrity: sha512-3wdGidZyq5PB084XLES5TpOSRA3wjXAlIWMhum2kRcv/41Sn2emQ0dycQW4uZXLejwKvg6EsvbdlVL+FYEct7A==}
    dev: false
